
Microsoft Visual Studio Solution File, Format Version 12.00
# Visual Studio Version 17
VisualStudioVersion = 17.0.31903.59
MinimumVisualStudioVersion = 10.0.40219.1
Project("{FAE04EC0-301F-11D3-BF4B-00C04F79EFBC}") = "mm-csharp", "mm-csharp.csproj", "{72B3B915-0BC6-4002-92F3-DAFDB93BFAAB}"
EndProject
Project("{2150E333-8FDC-42A3-9474-1A3956D46DE8}") = "src", "src", "{827E0CD3-B72D-47B6-A68D-7590B98EB39B}"
EndProject
Project("{FAE04EC0-301F-11D3-BF4B-00C04F79EFBC}") = "MetaMessage", "src\MetaMessage\MetaMessage.csproj", "{CDFA56B0-3935-4A02-BB1E-803C9FEC5849}"
EndProject
Project("{2150E333-8FDC-42A3-9474-1A3956D46DE8}") = "tests", "tests", "{0AB3BF05-4346-4AA6-1389-037BE0695223}"
EndProject
Project("{FAE04EC0-301F-11D3-BF4B-00C04F79EFBC}") = "MetaMessageTests", "tests\MetaMessageTests\MetaMessageTests.csproj", "{D1D676B2-84C7-4541-BDD8-F2027929FE78}"
EndProject
Global
	GlobalSection(SolutionConfigurationPlatforms) = preSolution
		Debug|Any CPU = Debug|Any CPU
		Debug|x64 = Debug|x64
		Debug|x86 = Debug|x86
		Release|Any CPU = Release|Any CPU
		Release|x64 = Release|x64
		Release|x86 = Release|x86
	EndGlobalSection
	GlobalSection(ProjectConfigurationPlatforms) = postSolution
		{72B3B915-0BC6-4002-92F3-DAFDB93BFAAB}.Debug|Any CPU.ActiveCfg = Debug|Any CPU
		{72B3B915-0BC6-4002-92F3-DAFDB93BFAAB}.Debug|Any CPU.Build.0 = Debug|Any CPU
		{72B3B915-0BC6-4002-92F3-DAFDB93BFAAB}.Debug|x64.ActiveCfg = Debug|Any CPU
		{72B3B915-0BC6-4002-92F3-DAFDB93BFAAB}.Debug|x64.Build.0 = Debug|Any CPU
		{72B3B915-0BC6-4002-92F3-DAFDB93BFAAB}.Debug|x86.ActiveCfg = Debug|Any CPU
		{72B3B915-0BC6-4002-92F3-DAFDB93BFAAB}.Debug|x86.Build.0 = Debug|Any CPU
		{72B3B915-0BC6-4002-92F3-DAFDB93BFAAB}.Release|Any CPU.ActiveCfg = Release|Any CPU
		{72B3B915-0BC6-4002-92F3-DAFDB93BFAAB}.Release|Any CPU.Build.0 = Release|Any CPU
		{72B3B915-0BC6-4002-92F3-DAFDB93BFAAB}.Release|x64.ActiveCfg = Release|Any CPU
		{72B3B915-0BC6-4002-92F3-DAFDB93BFAAB}.Release|x64.Build.0 = Release|Any CPU
		{72B3B915-0BC6-4002-92F3-DAFDB93BFAAB}.Release|x86.ActiveCfg = Release|Any CPU
		{72B3B915-0BC6-4002-92F3-DAFDB93BFAAB}.Release|x86.Build.0 = Release|Any CPU
		{CDFA56B0-3935-4A02-BB1E-803C9FEC5849}.Debug|Any CPU.ActiveCfg = Debug|Any CPU
		{CDFA56B0-3935-4A02-BB1E-803C9FEC5849}.Debug|Any CPU.Build.0 = Debug|Any CPU
		{CDFA56B0-3935-4A02-BB1E-803C9FEC5849}.Debug|x64.ActiveCfg = Debug|Any CPU
		{CDFA56B0-3935-4A02-BB1E-803C9FEC5849}.Debug|x64.Build.0 = Debug|Any CPU
		{CDFA56B0-3935-4A02-BB1E-803C9FEC5849}.Debug|x86.ActiveCfg = Debug|Any CPU
		{CDFA56B0-3935-4A02-BB1E-803C9FEC5849}.Debug|x86.Build.0 = Debug|Any CPU
		{CDFA56B0-3935-4A02-BB1E-803C9FEC5849}.Release|Any CPU.ActiveCfg = Release|Any CPU
		{CDFA56B0-3935-4A02-BB1E-803C9FEC5849}.Release|Any CPU.Build.0 = Release|Any CPU
		{CDFA56B0-3935-4A02-BB1E-803C9FEC5849}.Release|x64.ActiveCfg = Release|Any CPU
		{CDFA56B0-3935-4A02-BB1E-803C9FEC5849}.Release|x64.Build.0 = Release|Any CPU
		{CDFA56B0-3935-4A02-BB1E-803C9FEC5849}.Release|x86.ActiveCfg = Release|Any CPU
		{CDFA56B0-3935-4A02-BB1E-803C9FEC5849}.Release|x86.Build.0 = Release|Any CPU
		{D1D676B2-84C7-4541-BDD8-F2027929FE78}.Debug|Any CPU.ActiveCfg = Debug|Any CPU
		{D1D676B2-84C7-4541-BDD8-F2027929FE78}.Debug|Any CPU.Build.0 = Debug|Any CPU
		{D1D676B2-84C7-4541-BDD8-F2027929FE78}.Debug|x64.ActiveCfg = Debug|Any CPU
		{D1D676B2-84C7-4541-BDD8-F2027929FE78}.Debug|x64.Build.0 = Debug|Any CPU
		{D1D676B2-84C7-4541-BDD8-F2027929FE78}.Debug|x86.ActiveCfg = Debug|Any CPU
		{D1D676B2-84C7-4541-BDD8-F2027929FE78}.Debug|x86.Build.0 = Debug|Any CPU
		{D1D676B2-84C7-4541-BDD8-F2027929FE78}.Release|Any CPU.ActiveCfg = Release|Any CPU
		{D1D676B2-84C7-4541-BDD8-F2027929FE78}.Release|Any CPU.Build.0 = Release|Any CPU
		{D1D676B2-84C7-4541-BDD8-F2027929FE78}.Release|x64.ActiveCfg = Release|Any CPU
		{D1D676B2-84C7-4541-BDD8-F2027929FE78}.Release|x64.Build.0 = Release|Any CPU
		{D1D676B2-84C7-4541-BDD8-F2027929FE78}.Release|x86.ActiveCfg = Release|Any CPU
		{D1D676B2-84C7-4541-BDD8-F2027929FE78}.Release|x86.Build.0 = Release|Any CPU
	EndGlobalSection
	GlobalSection(SolutionProperties) = preSolution
		HideSolutionNode = FALSE
	EndGlobalSection
	GlobalSection(NestedProjects) = preSolution
		{CDFA56B0-3935-4A02-BB1E-803C9FEC5849} = {827E0CD3-B72D-47B6-A68D-7590B98EB39B}
		{D1D676B2-84C7-4541-BDD8-F2027929FE78} = {0AB3BF05-4346-4AA6-1389-037BE0695223}
	EndGlobalSection
EndGlobal
